
Microsoft Visual Studio Solution File, Format Version 12.00
# Visual Studio Version 17
VisualStudioVersion = 17.5.002.0
MinimumVisualStudioVersion = 10.0.40219.1
Project("{9A19103F-16F7-4668-BE54-9A1E7A4F7556}") = "07operadores_aritmeticos", "07operadores_aritmeticos.csproj", "{F7728607-7274-4FE4-AC14-92642FF69D5F}"
EndProject
Global
	GlobalSection(SolutionConfigurationPlatforms) = preSolution
		Debug|Any CPU = Debug|Any CPU
		Release|Any CPU = Release|Any CPU
	EndGlobalSection
	GlobalSection(ProjectConfigurationPlatforms) = postSolution
		{F7728607-7274-4FE4-AC14-92642FF69D5F}.Debug|Any CPU.ActiveCfg = Debug|Any CPU
		{F7728607-7274-4FE4-AC14-92642FF69D5F}.Debug|Any CPU.Build.0 = Debug|Any CPU
		{F7728607-7274-4FE4-AC14-92642FF69D5F}.Release|Any CPU.ActiveCfg = Release|Any CPU
		{F7728607-7274-4FE4-AC14-92642FF69D5F}.Release|Any CPU.Build.0 = Release|Any CPU
	EndGlobalSection
	GlobalSection(SolutionProperties) = preSolution
		HideSolutionNode = FALSE
	EndGlobalSection
	GlobalSection(ExtensibilityGlobals) = postSolution
		SolutionGuid = {9B8700E7-04C3-436B-B1A5-CF51FFA1795A}
	EndGlobalSection
EndGlobal
