
Microsoft Visual Studio Solution File, Format Version 12.00
# Visual Studio Version 17
VisualStudioVersion = 17.5.002.0
MinimumVisualStudioVersion = 10.0.40219.1
Project("{9A19103F-16F7-4668-BE54-9A1E7A4F7556}") = "27exercicios_07", "27exercicios_07.csproj", "{8DEE8FD7-1142-4B91-AC76-3FD901712B33}"
EndProject
Global
	GlobalSection(SolutionConfigurationPlatforms) = preSolution
		Debug|Any CPU = Debug|Any CPU
		Release|Any CPU = Release|Any CPU
	EndGlobalSection
	GlobalSection(ProjectConfigurationPlatforms) = postSolution
		{8DEE8FD7-1142-4B91-AC76-3FD901712B33}.Debug|Any CPU.ActiveCfg = Debug|Any CPU
		{8DEE8FD7-1142-4B91-AC76-3FD901712B33}.Debug|Any CPU.Build.0 = Debug|Any CPU
		{8DEE8FD7-1142-4B91-AC76-3FD901712B33}.Release|Any CPU.ActiveCfg = Release|Any CPU
		{8DEE8FD7-1142-4B91-AC76-3FD901712B33}.Release|Any CPU.Build.0 = Release|Any CPU
	EndGlobalSection
	GlobalSection(SolutionProperties) = preSolution
		HideSolutionNode = FALSE
	EndGlobalSection
	GlobalSection(ExtensibilityGlobals) = postSolution
		SolutionGuid = {06F9F0E6-1658-4630-9565-6D9C48FF75AF}
	EndGlobalSection
EndGlobal
