Microsoft Visual Studio Solution File, Format Version 12.00
# Visual Studio Version 17
VisualStudioVersion = 17.5.2.0
MinimumVisualStudioVersion = 10.0.40219.1
Project("{FAE04EC0-301F-11D3-BF4B-00C04F79EFBC}") = "34manipulacao_de_numeros", "34manipulacao_de_numeros.csproj", "{98371D20-0E9D-1556-6715-2E2504114ABE}"
EndProject
Global
	GlobalSection(SolutionConfigurationPlatforms) = preSolution
		Debug|Any CPU = Debug|Any CPU
		Release|Any CPU = Release|Any CPU
	EndGlobalSection
	GlobalSection(ProjectConfigurationPlatforms) = postSolution
		{98371D20-0E9D-1556-6715-2E2504114ABE}.Debug|Any CPU.ActiveCfg = Debug|Any CPU
		{98371D20-0E9D-1556-6715-2E2504114ABE}.Debug|Any CPU.Build.0 = Debug|Any CPU
		{98371D20-0E9D-1556-6715-2E2504114ABE}.Release|Any CPU.ActiveCfg = Release|Any CPU
		{98371D20-0E9D-1556-6715-2E2504114ABE}.Release|Any CPU.Build.0 = Release|Any CPU
	EndGlobalSection
	GlobalSection(SolutionProperties) = preSolution
		HideSolutionNode = FALSE
	EndGlobalSection
	GlobalSection(ExtensibilityGlobals) = postSolution
		SolutionGuid = {228DAAE0-965B-4C78-80D1-A96DB7769B5D}
	EndGlobalSection
EndGlobal
