
Microsoft Visual Studio Solution File, Format Version 12.00
# Visual Studio Version 17
VisualStudioVersion = 17.5.002.0
MinimumVisualStudioVersion = 10.0.40219.1
Project("{9A19103F-16F7-4668-BE54-9A1E7A4F7556}") = "01projeto", "01projeto.csproj", "{475CA1FC-814C-4C29-A729-8FEBC261084F}"
EndProject
Global
	GlobalSection(SolutionConfigurationPlatforms) = preSolution
		Debug|Any CPU = Debug|Any CPU
		Release|Any CPU = Release|Any CPU
	EndGlobalSection
	GlobalSection(ProjectConfigurationPlatforms) = postSolution
		{475CA1FC-814C-4C29-A729-8FEBC261084F}.Debug|Any CPU.ActiveCfg = Debug|Any CPU
		{475CA1FC-814C-4C29-A729-8FEBC261084F}.Debug|Any CPU.Build.0 = Debug|Any CPU
		{475CA1FC-814C-4C29-A729-8FEBC261084F}.Release|Any CPU.ActiveCfg = Release|Any CPU
		{475CA1FC-814C-4C29-A729-8FEBC261084F}.Release|Any CPU.Build.0 = Release|Any CPU
	EndGlobalSection
	GlobalSection(SolutionProperties) = preSolution
		HideSolutionNode = FALSE
	EndGlobalSection
	GlobalSection(ExtensibilityGlobals) = postSolution
		SolutionGuid = {2A413DD3-35BB-4D5C-AD95-2090FF7BFAA1}
	EndGlobalSection
EndGlobal
