Microsoft Visual Studio Solution File, Format Version 12.00
# Visual Studio Version 17
VisualStudioVersion = 17.5.2.0
MinimumVisualStudioVersion = 10.0.40219.1
Project("{FAE04EC0-301F-11D3-BF4B-00C04F79EFBC}") = "36conhecendo_o_NuGet", "36conhecendo_o_NuGet.csproj", "{6CDE467F-5BCE-DB9E-D553-6E3C8C5292C0}"
EndProject
Global
	GlobalSection(SolutionConfigurationPlatforms) = preSolution
		Debug|Any CPU = Debug|Any CPU
		Release|Any CPU = Release|Any CPU
	EndGlobalSection
	GlobalSection(ProjectConfigurationPlatforms) = postSolution
		{6CDE467F-5BCE-DB9E-D553-6E3C8C5292C0}.Debug|Any CPU.ActiveCfg = Debug|Any CPU
		{6CDE467F-5BCE-DB9E-D553-6E3C8C5292C0}.Debug|Any CPU.Build.0 = Debug|Any CPU
		{6CDE467F-5BCE-DB9E-D553-6E3C8C5292C0}.Release|Any CPU.ActiveCfg = Release|Any CPU
		{6CDE467F-5BCE-DB9E-D553-6E3C8C5292C0}.Release|Any CPU.Build.0 = Release|Any CPU
	EndGlobalSection
	GlobalSection(SolutionProperties) = preSolution
		HideSolutionNode = FALSE
	EndGlobalSection
	GlobalSection(ExtensibilityGlobals) = postSolution
		SolutionGuid = {74508111-B82F-4352-A916-9481DB28585C}
	EndGlobalSection
EndGlobal
