
Microsoft Visual Studio Solution File, Format Version 12.00
# Visual Studio Version 17
VisualStudioVersion = 17.5.002.0
MinimumVisualStudioVersion = 10.0.40219.1
Project("{9A19103F-16F7-4668-BE54-9A1E7A4F7556}") = "16laco_do_while", "16laco_do_while.csproj", "{95A58D54-3E47-4008-951F-3A42656848C5}"
EndProject
Global
	GlobalSection(SolutionConfigurationPlatforms) = preSolution
		Debug|Any CPU = Debug|Any CPU
		Release|Any CPU = Release|Any CPU
	EndGlobalSection
	GlobalSection(ProjectConfigurationPlatforms) = postSolution
		{95A58D54-3E47-4008-951F-3A42656848C5}.Debug|Any CPU.ActiveCfg = Debug|Any CPU
		{95A58D54-3E47-4008-951F-3A42656848C5}.Debug|Any CPU.Build.0 = Debug|Any CPU
		{95A58D54-3E47-4008-951F-3A42656848C5}.Release|Any CPU.ActiveCfg = Release|Any CPU
		{95A58D54-3E47-4008-951F-3A42656848C5}.Release|Any CPU.Build.0 = Release|Any CPU
	EndGlobalSection
	GlobalSection(SolutionProperties) = preSolution
		HideSolutionNode = FALSE
	EndGlobalSection
	GlobalSection(ExtensibilityGlobals) = postSolution
		SolutionGuid = {93151D68-5EBB-48A9-B112-F22510184D36}
	EndGlobalSection
EndGlobal
